
Microsoft Visual Studio Solution File, Format Version 12.00
# Visual Studio Version 17
VisualStudioVersion = 17.14.36414.22
MinimumVisualStudioVersion = 10.0.40219.1
Project("{FAE04EC0-301F-11D3-BF4B-00C04F79EFBC}") = "ASP.NET_MVC_LABs", "ASP.NET_MVC_LABs\ASP.NET_MVC_LABs.csproj", "{7941AE7C-9006-4ABB-A324-DD2CE9E83490}"
EndProject
Global
	GlobalSection(SolutionConfigurationPlatforms) = preSolution
		Debug|Any CPU = Debug|Any CPU
		Release|Any CPU = Release|Any CPU
	EndGlobalSection
	GlobalSection(ProjectConfigurationPlatforms) = postSolution
		{7941AE7C-9006-4ABB-A324-DD2CE9E83490}.Debug|Any CPU.ActiveCfg = Debug|Any CPU
		{7941AE7C-9006-4ABB-A324-DD2CE9E83490}.Debug|Any CPU.Build.0 = Debug|Any CPU
		{7941AE7C-9006-4ABB-A324-DD2CE9E83490}.Release|Any CPU.ActiveCfg = Release|Any CPU
		{7941AE7C-9006-4ABB-A324-DD2CE9E83490}.Release|Any CPU.Build.0 = Release|Any CPU
	EndGlobalSection
	GlobalSection(SolutionProperties) = preSolution
		HideSolutionNode = FALSE
	EndGlobalSection
	GlobalSection(ExtensibilityGlobals) = postSolution
		SolutionGuid = {DC04B881-7E76-44E3-8ECC-41314D717D61}
	EndGlobalSection
EndGlobal
